
Microsoft Visual Studio Solution File, Format Version 12.00
# Visual Studio 15
VisualStudioVersion = 15.0.27703.2042
MinimumVisualStudioVersion = 10.0.40219.1
Project("{FAE04EC0-301F-11D3-BF4B-00C04F79EFBC}") = "SGEmulator", "SGEmulator\SGEmulator.csproj", "{DF78B9BC-1163-4071-9EDA-B7FFD51A4DBF}"
EndProject
Global
	GlobalSection(SolutionConfigurationPlatforms) = preSolution
		Debug|Any CPU = Debug|Any CPU
		Release|Any CPU = Release|Any CPU
	EndGlobalSection
	GlobalSection(ProjectConfigurationPlatforms) = postSolution
		{DF78B9BC-1163-4071-9EDA-B7FFD51A4DBF}.Debug|Any CPU.ActiveCfg = Debug|Any CPU
		{DF78B9BC-1163-4071-9EDA-B7FFD51A4DBF}.Debug|Any CPU.Build.0 = Debug|Any CPU
		{DF78B9BC-1163-4071-9EDA-B7FFD51A4DBF}.Release|Any CPU.ActiveCfg = Release|Any CPU
		{DF78B9BC-1163-4071-9EDA-B7FFD51A4DBF}.Release|Any CPU.Build.0 = Release|Any CPU
	EndGlobalSection
	GlobalSection(SolutionProperties) = preSolution
		HideSolutionNode = FALSE
	EndGlobalSection
	GlobalSection(ExtensibilityGlobals) = postSolution
		SolutionGuid = {7289536A-6C69-4EC8-98F2-EA34B874B993}
	EndGlobalSection
EndGlobal
